// !$*UTF8*$!
{
	archiveVersion = 1;
	classes = {
	};
	objectVersion = 46;
	objects = {

/* Begin PBXBuildFile section */
		1B2453A11D470DAC00466FBD /* main.m in Sources */ = {isa = PBXBuildFile; fileRef = 1B2453A01D470DAC00466FBD /* main.m */; };
		1B2453A41D470DAC00466FBD /* AppDelegate.m in Sources */ = {isa = PBXBuildFile; fileRef = 1B2453A31D470DAC00466FBD /* AppDelegate.m */; };
		1B2453A71D470DAC00466FBD /* ViewController.m in Sources */ = {isa = PBXBuildFile; fileRef = 1B2453A61D470DAC00466FBD /* ViewController.m */; };
		1B2453AA1D470DAC00466FBD /* Main.storyboard in Resources */ = {isa = PBXBuildFile; fileRef = 1B2453A81D470DAC00466FBD /* Main.storyboard */; };
		1B2453AC1D470DAC00466FBD /* Assets.xcassets in Resources */ = {isa = PBXBuildFile; fileRef = 1B2453AB1D470DAC00466FBD /* Assets.xcassets */; };
		1B2453AF1D470DAC00466FBD /* LaunchScreen.storyboard in Resources */ = {isa = PBXBuildFile; fileRef = 1B2453AD1D470DAC00466FBD /* LaunchScreen.storyboard */; };
/* End PBXBuildFile section */

/* Begin PBXFileReference section */
		1B24539C1D470DAC00466FBD /* imagePickerController.app */ = {isa = PBXFileReference; explicitFileType = wrapper.application; includeInIndex = 0; path = imagePickerController.app; sourceTree = BUILT_PRODUCTS_DIR; };
		1B2453A01D470DAC00466FBD /* main.m */ = {isa = PBXFileReference; lastKnownFileType = sourcecode.c.objc; path = main.m; sourceTree = "<group>"; };
		1B2453A21D470DAC00466FBD /* AppDelegate.h */ = {isa = PBXFileReference; lastKnownFileType = sourcecode.c.h; path = AppDelegate.h; sourceTree = "<group>"; };
		1B2453A31D470DAC00466FBD /* AppDelegate.m */ = {isa = PBXFileReference; lastKnownFileType = sourcecode.c.objc; path = AppDelegate.m; sourceTree = "<group>"; };
		1B2453A51D470DAC00466FBD /* ViewController.h */ = {isa = PBXFileReference; lastKnownFileType = sourcecode.c.h; path = ViewController.h; sourceTree = "<group>"; };
		1B2453A61D470DAC00466FBD /* ViewController.m */ = {isa = PBXFileReference; lastKnownFileType = sourcecode.c.objc; path = ViewController.m; sourceTree = "<group>"; };
		1B2453A91D470DAC00466FBD /* Base */ = {isa = PBXFileReference; lastKnownFileType = file.storyboard; name = Base; path = Base.lproj/Main.storyboard; sourceTree = "<group>"; };
		1B2453AB1D470DAC00466FBD /* Assets.xcassets */ = {isa = PBXFileReference; lastKnownFileType = folder.assetcatalog; path = Assets.xcassets; sourceTree = "<group>"; };
		1B2453AE1D470DAC00466FBD /* Base */ = {isa = PBXFileReference; lastKnownFileType = file.storyboard; name = Base; path = Base.lproj/LaunchScreen.storyboard; sourceTree = "<group>"; };
		1B2453B01D470DAC00466FBD /* Info.plist */ = {isa = PBXFileReference; lastKnownFileType = text.plist.xml; path = Info.plist; sourceTree = "<group>"; };
/* End PBXFileReference section */

/* Begin PBXFrameworksBuildPhase section */
		1B2453991D470DAC00466FBD /* Frameworks */ = {
			isa = PBXFrameworksBuildPhase;
			buildActionMask = 2147483647;
			files = (
			);
			runOnlyForDeploymentPostprocessing = 0;
		};
/* End PBXFrameworksBuildPhase section */

/* Begin PBXGroup section */
		1B2453931D470DAC00466FBD = {
			isa = PBXGroup;
			children = (
				1B24539E1D470DAC00466FBD /* imagePickerController */,
				1B24539D1D470DAC00466FBD /* Products */,
			);
			sourceTree = "<group>";
		};
		1B24539D1D470DAC00466FBD /* Products */ = {
			isa = PBXGroup;
			children = (
				1B24539C1D470DAC00466FBD /* imagePickerController.app */,
			);
			name = Products;
			sourceTree = "<group>";
		};
		1B24539E1D470DAC00466FBD /* imagePickerController */ = {
			isa = PBXGroup;
			children = (
				1B2453A21D470DAC00466FBD /* AppDelegate.h */,
				1B2453A31D470DAC00466FBD /* AppDelegate.m */,
				1B2453A51D470DAC00466FBD /* ViewController.h */,
				1B2453A61D470DAC00466FBD /* ViewController.m */,
				1B2453A81D470DAC00466FBD /* Main.storyboard */,
				1B2453AB1D470DAC00466FBD /* Assets.xcassets */,
				1B2453AD1D470DAC00466FBD /* LaunchScreen.storyboard */,
				1B2453B01D470DAC00466FBD /* Info.plist */,
				1B24539F1D470DAC00466FBD /* Supporting Files */,
			);
			path = imagePickerController;
			sourceTree = "<group>";
		};
		1B24539F1D470DAC00466FBD /* Supporting Files */ = {
			isa = PBXGroup;
			children = (
				1B2453A01D470DAC00466FBD /* main.m */,
			);
			name = "Supporting Files";
			sourceTree = "<group>";
		};
/* End PBXGroup section */

/* Begin PBXNativeTarget section */
		1B24539B1D470DAC00466FBD /* imagePickerController */ = {
			isa = PBXNativeTarget;
			buildConfigurationList = 1B2453B31D470DAC00466FBD /* Build configuration list for PBXNativeTarget "imagePickerController" */;
			buildPhases = (
				1B2453981D470DAC00466FBD /* Sources */,
				1B2453991D470DAC00466FBD /* Frameworks */,
				1B24539A1D470DAC00466FBD /* Resources */,
			);
			buildRules = (
			);
			dependencies = (
			);
			name = imagePickerController;
			productName = imagePickerController;
			productReference = 1B24539C1D470DAC00466FBD /* imagePickerController.app */;
			productType = "com.apple.product-type.application";
		};
/* End PBXNativeTarget section */

/* Begin PBXProject section */
		1B2453941D470DAC00466FBD /* Project object */ = {
			isa = PBXProject;
			attributes = {
				LastUpgradeCheck = 0730;
				ORGANIZATIONNAME = yueyang;
				TargetAttributes = {
					1B24539B1D470DAC00466FBD = {
						CreatedOnToolsVersion = 7.3.1;
					};
				};
			};
			buildConfigurationList = 1B2453971D470DAC00466FBD /* Build configuration list for PBXProject "imagePickerController" */;
			compatibilityVersion = "Xcode 3.2";
			developmentRegion = English;
			hasScannedForEncodings = 0;
			knownRegions = (
				en,
				Base,
			);
			mainGroup = 1B2453931D470DAC00466FBD;
			productRefGroup = 1B24539D1D470DAC00466FBD /* Products */;
			projectDirPath = "";
			projectRoot = "";
			targets = (
				1B24539B1D470DAC00466FBD /* imagePickerController */,
			);
		};
/* End PBXProject section */

/* Begin PBXResourcesBuildPhase section */
		1B24539A1D470DAC00466FBD /* Resources */ = {
			isa = PBXResourcesBuildPhase;
			buildActionMask = 2147483647;
			files = (
				1B2453AF1D470DAC00466FBD /* LaunchScreen.storyboard in Resources */,
				1B2453AC1D470DAC00466FBD /* Assets.xcassets in Resources */,
				1B2453AA1D470DAC00466FBD /* Main.storyboard in Resources */,
			);
			runOnlyForDeploymentPostprocessing = 0;
		};
/* End PBXResourcesBuildPhase section */

/* Begin PBXSourcesBuildPhase section */
		1B2453981D470DAC00466FBD /* Sources */ = {
			isa = PBXSourcesBuildPhase;
			buildActionMask = 2147483647;
			files = (
				1B2453A71D470DAC00466FBD /* ViewController.m in Sources */,
				1B2453A41D470DAC00466FBD /* AppDelegate.m in Sources */,
				1B2453A11D470DAC00466FBD /* main.m in Sources */,
			);
			runOnlyForDeploymentPostprocessing = 0;
		};
/* End PBXSourcesBuildPhase section */

/* Begin PBXVariantGroup section */
		1B2453A81D470DAC00466FBD /* Main.storyboard */ = {
			isa = PBXVariantGroup;
			children = (
				1B2453A91D470DAC00466FBD /* Base */,
			);
			name = Main.storyboard;
			sourceTree = "<group>";
		};
		1B2453AD1D470DAC00466FBD /* LaunchScreen.storyboard */ = {
			isa = PBXVariantGroup;
			children = (
				1B2453AE1D470DAC00466FBD /* Base */,
			);
			name = LaunchScreen.storyboard;
			sourceTree = "<group>";
		};
/* End PBXVariantGroup section */

/* Begin XCBuildConfiguration section */
		1B2453B11D470DAC00466FBD /* Debug */ = {
			isa = XCBuildConfiguration;
			buildSettings = {
				ALWAYS_SEARCH_USER_PATHS = NO;
				CLANG_ANALYZER_NONNULL = YES;
				CLANG_CXX_LANGUAGE_STANDARD = "gnu++0x";
				CLANG_CXX_LIBRARY = "libc++";
				CLANG_ENABLE_MODULES = YES;
				CLANG_ENABLE_OBJC_ARC = YES;
				CLANG_WARN_BOOL_CONVERSION = YES;
				CLANG_WARN_CONSTANT_CONVERSION = YES;
				CLANG_WARN_DIRECT_OBJC_ISA_USAGE = YES_ERROR;
				CLANG_WARN_EMPTY_BODY = YES;
				CLANG_WARN_ENUM_CONVERSION = YES;
				CLANG_WARN_INT_CONVERSION = YES;
				CLANG_WARN_OBJC_ROOT_CLASS = YES_ERROR;
				CLANG_WARN_UNREACHABLE_CODE = YES;
				CLANG_WARN__DUPLICATE_METHOD_MATCH = YES;
				"CODE_SIGN_IDENTITY[sdk=iphoneos*]" = "iPhone Developer";
				COPY_PHASE_STRIP = NO;
				DEBUG_INFORMATION_FORMAT = dwarf;
				ENABLE_STRICT_OBJC_MSGSEND = YES;
				ENABLE_TESTABILITY = YES;
				GCC_C_LANGUAGE_STANDARD = gnu99;
				GCC_DYNAMIC_NO_PIC = NO;
				GCC_NO_COMMON_BLOCKS = YES;
				GCC_OPTIMIZATION_LEVEL = 0;
				GCC_PREPROCESSOR_DEFINITIONS = (
					"DEBUG=1",
					"$(inherited)",
				);
				GCC_WARN_64_TO_32_BIT_CONVERSION = YES;
				GCC_WARN_ABOUT_RETURN_TYPE = YES_ERROR;
				GCC_WARN_UNDECLARED_SELECTOR = YES;
				GCC_WARN_UNINITIALIZED_AUTOS = YES_AGGRESSIVE;
				GCC_WARN_UNUSED_FUNCTION = YES;
				GCC_WARN_UNUSED_VARIABLE = YES;
				IPHONEOS_DEPLOYMENT_TARGET = 9.3;
				MTL_ENABLE_DEBUG_INFO = YES;
				ONLY_ACTIVE_ARCH = YES;
				SDKROOT = iphoneos;
				TARGETED_DEVICE_FAMILY = "1,2";
			};
			name = Debug;
		};
		1B2453B21D470DAC00466FBD /* Release */ = {
			isa = XCBuildConfiguration;
			buildSettings = {
				ALWAYS_SEARCH_USER_PATHS = NO;
				CLANG_ANALYZER_NONNULL = YES;
				CLANG_CXX_LANGUAGE_STANDARD = "gnu++0x";
				CLANG_CXX_LIBRARY = "libc++";
				CLANG_ENABLE_MODULES = YES;
				CLANG_ENABLE_OBJC_ARC = YES;
				CLANG_WARN_BOOL_CONVERSION = YES;
				CLANG_WARN_CONSTANT_CONVERSION = YES;
				CLANG_WARN_DIRECT_OBJC_ISA_USAGE = YES_ERROR;
				CLANG_WARN_EMPTY_BODY = YES;
				CLANG_WARN_ENUM_CONVERSION = YES;
				CLANG_WARN_INT_CONVERSION = YES;
				CLANG_WARN_OBJC_ROOT_CLASS = YES_ERROR;
				CLANG_WARN_UNREACHABLE_CODE = YES;
				CLANG_WARN__DUPLICATE_METHOD_MATCH = YES;
				"CODE_SIGN_IDENTITY[sdk=iphoneos*]" = "iPhone Developer";
				COPY_PHASE_STRIP = NO;
				DEBUG_INFORMATION_FORMAT = "dwarf-with-dsym";
				ENABLE_NS_ASSERTIONS = NO;
				ENABLE_STRICT_OBJC_MSGSEND = YES;
				GCC_C_LANGUAGE_STANDARD = gnu99;
				GCC_NO_COMMON_BLOCKS = YES;
				GCC_WARN_64_TO_32_BIT_CONVERSION = YES;
				GCC_WARN_ABOUT_RETURN_TYPE = YES_ERROR;
				GCC_WARN_UNDECLARED_SELECTOR = YES;
				GCC_WARN_UNINITIALIZED_AUTOS = YES_AGGRESSIVE;
				GCC_WARN_UNUSED_FUNCTION = YES;
				GCC_WARN_UNUSED_VARIABLE = YES;
				IPHONEOS_DEPLOYMENT_TARGET = 9.3;
				MTL_ENABLE_DEBUG_INFO = NO;
				SDKROOT = iphoneos;
				TARGETED_DEVICE_FAMILY = "1,2";
				VALIDATE_PRODUCT = YES;
			};
			name = Release;
		};
		1B2453B41D470DAC00466FBD /* Debug */ = {
			isa = XCBuildConfiguration;
			buildSettings = {
				ASSETCATALOG_COMPILER_APPICON_NAME = AppIcon;
				INFOPLIST_FILE = imagePickerController/Info.plist;
				IPHONEOS_DEPLOYMENT_TARGET = 8.0;
				LD_RUNPATH_SEARCH_PATHS = "$(inherited) @executable_path/Frameworks";
				PRODUCT_BUNDLE_IDENTIFIER = yueyang.zhou.imagePickerController;
				PRODUCT_NAME = "$(TARGET_NAME)";
			};
			name = Debug;
		};
		1B2453B51D470DAC00466FBD /* Release */ = {
			isa = XCBuildConfiguration;
			buildSettings = {
				ASSETCATALOG_COMPILER_APPICON_NAME = AppIcon;
				INFOPLIST_FILE = imagePickerController/Info.plist;
				IPHONEOS_DEPLOYMENT_TARGET = 8.0;
				LD_RUNPATH_SEARCH_PATHS = "$(inherited) @executable_path/Frameworks";
				PRODUCT_BUNDLE_IDENTIFIER = yueyang.zhou.imagePickerController;
				PRODUCT_NAME = "$(TARGET_NAME)";
			};
			name = Release;
		};
/* End XCBuildConfiguration section */

/* Begin XCConfigurationList section */
		1B2453971D470DAC00466FBD /* Build configuration list for PBXProject "imagePickerController" */ = {
			isa = XCConfigurationList;
			buildConfigurations = (
				1B2453B11D470DAC00466FBD /* Debug */,
				1B2453B21D470DAC00466FBD /* Release */,
			);
			defaultConfigurationIsVisible = 0;
			defaultConfigurationName = Release;
		};
		1B2453B31D470DAC00466FBD /* Build configuration list for PBXNativeTarget "imagePickerController" */ = {
			isa = XCConfigurationList;
			buildConfigurations = (
				1B2453B41D470DAC00466FBD /* Debug */,
				1B2453B51D470DAC00466FBD /* Release */,
			);
			defaultConfigurationIsVisible = 0;
			defaultConfigurationName = Release;
		};
/* End XCConfigurationList section */
	};
	rootObject = 1B2453941D470DAC00466FBD /* Project object */;
}
